// !$*UTF8*$!
{
	archiveVersion = 1;
	classes = {
	};
	objectVersion = 56;
	objects = {

/* Begin PBXBuildFile section */
		6F816BF4292D7EDE0003B07F /* GIFListViewFactory.swift in Sources */ = {isa = PBXBuildFile; fileRef = 6F816BF3292D7EDE0003B07F /* GIFListViewFactory.swift */; };
		6F816BF8292D7FFF0003B07F /* GIFListCard.swift in Sources */ = {isa = PBXBuildFile; fileRef = 6F816BF7292D7FFF0003B07F /* GIFListCard.swift */; };
		6F816BFB292D80A90003B07F /* View+NavigationStyle.swift in Sources */ = {isa = PBXBuildFile; fileRef = 6F816BFA292D80A90003B07F /* View+NavigationStyle.swift */; };
		6F816BFD292D80F30003B07F /* GIFPreviewData.swift in Sources */ = {isa = PBXBuildFile; fileRef = 6F816BFC292D80F30003B07F /* GIFPreviewData.swift */; };
		6F816C00292D81D40003B07F /* GIFCardItem.swift in Sources */ = {isa = PBXBuildFile; fileRef = 6F816BFF292D81D40003B07F /* GIFCardItem.swift */; };
		6F816C03292D820E0003B07F /* GIFImage.swift in Sources */ = {isa = PBXBuildFile; fileRef = 6F816C02292D820E0003B07F /* GIFImage.swift */; };
		6F816C06292D826D0003B07F /* FLAnimatedImage in Frameworks */ = {isa = PBXBuildFile; productRef = 6F816C05292D826D0003B07F /* FLAnimatedImage */; };
		6F816C09292D846E0003B07F /* PaginationGIFListViewModel.swift in Sources */ = {isa = PBXBuildFile; fileRef = 6F816C08292D846E0003B07F /* PaginationGIFListViewModel.swift */; };
		6FB15F0B292C04B1003DDB40 /* CatGIFApp.swift in Sources */ = {isa = PBXBuildFile; fileRef = 6FB15F0A292C04B1003DDB40 /* CatGIFApp.swift */; };
		6FB15F0D292C04B1003DDB40 /* GIFList.swift in Sources */ = {isa = PBXBuildFile; fileRef = 6FB15F0C292C04B1003DDB40 /* GIFList.swift */; };
		6FB15F0F292C04B3003DDB40 /* Assets.xcassets in Resources */ = {isa = PBXBuildFile; fileRef = 6FB15F0E292C04B3003DDB40 /* Assets.xcassets */; };
		6FB15F12292C04B3003DDB40 /* Preview Assets.xcassets in Resources */ = {isa = PBXBuildFile; fileRef = 6FB15F11292C04B3003DDB40 /* Preview Assets.xcassets */; };
		6FB15F1C292C04B3003DDB40 /* CatGIFAppTests.swift in Sources */ = {isa = PBXBuildFile; fileRef = 6FB15F1B292C04B3003DDB40 /* CatGIFAppTests.swift */; };
		6FB15F26292C04B3003DDB40 /* CatGIFAppUITests.swift in Sources */ = {isa = PBXBuildFile; fileRef = 6FB15F25292C04B3003DDB40 /* CatGIFAppUITests.swift */; };
		6FB15F28292C04B3003DDB40 /* CatGIFAppUITestsLaunchTests.swift in Sources */ = {isa = PBXBuildFile; fileRef = 6FB15F27292C04B3003DDB40 /* CatGIFAppUITestsLaunchTests.swift */; };
/* End PBXBuildFile section */

/* Begin PBXContainerItemProxy section */
		6FB15F18292C04B3003DDB40 /* PBXContainerItemProxy */ = {
			isa = PBXContainerItemProxy;
			containerPortal = 6FB15EFF292C04B1003DDB40 /* Project object */;
			proxyType = 1;
			remoteGlobalIDString = 6FB15F06292C04B1003DDB40;
			remoteInfo = CatGIFApp;
		};
		6FB15F22292C04B3003DDB40 /* PBXContainerItemProxy */ = {
			isa = PBXContainerItemProxy;
			containerPortal = 6FB15EFF292C04B1003DDB40 /* Project object */;
			proxyType = 1;
			remoteGlobalIDString = 6FB15F06292C04B1003DDB40;
			remoteInfo = CatGIFApp;
		};
/* End PBXContainerItemProxy section */

/* Begin PBXFileReference section */
		6F816BF3292D7EDE0003B07F /* GIFListViewFactory.swift */ = {isa = PBXFileReference; lastKnownFileType = sourcecode.swift; path = GIFListViewFactory.swift; sourceTree = "<group>"; };
		6F816BF7292D7FFF0003B07F /* GIFListCard.swift */ = {isa = PBXFileReference; lastKnownFileType = sourcecode.swift; path = GIFListCard.swift; sourceTree = "<group>"; };
		6F816BFA292D80A90003B07F /* View+NavigationStyle.swift */ = {isa = PBXFileReference; lastKnownFileType = sourcecode.swift; path = "View+NavigationStyle.swift"; sourceTree = "<group>"; };
		6F816BFC292D80F30003B07F /* GIFPreviewData.swift */ = {isa = PBXFileReference; lastKnownFileType = sourcecode.swift; path = GIFPreviewData.swift; sourceTree = "<group>"; };
		6F816BFF292D81D40003B07F /* GIFCardItem.swift */ = {isa = PBXFileReference; lastKnownFileType = sourcecode.swift; path = GIFCardItem.swift; sourceTree = "<group>"; };
		6F816C02292D820E0003B07F /* GIFImage.swift */ = {isa = PBXFileReference; lastKnownFileType = sourcecode.swift; path = GIFImage.swift; sourceTree = "<group>"; };
		6F816C08292D846E0003B07F /* PaginationGIFListViewModel.swift */ = {isa = PBXFileReference; lastKnownFileType = sourcecode.swift; path = PaginationGIFListViewModel.swift; sourceTree = "<group>"; };
		6FB15F07292C04B1003DDB40 /* CatGIFApp.app */ = {isa = PBXFileReference; explicitFileType = wrapper.application; includeInIndex = 0; path = CatGIFApp.app; sourceTree = BUILT_PRODUCTS_DIR; };
		6FB15F0A292C04B1003DDB40 /* CatGIFApp.swift */ = {isa = PBXFileReference; lastKnownFileType = sourcecode.swift; path = CatGIFApp.swift; sourceTree = "<group>"; };
		6FB15F0C292C04B1003DDB40 /* GIFList.swift */ = {isa = PBXFileReference; lastKnownFileType = sourcecode.swift; path = GIFList.swift; sourceTree = "<group>"; };
		6FB15F0E292C04B3003DDB40 /* Assets.xcassets */ = {isa = PBXFileReference; lastKnownFileType = folder.assetcatalog; path = Assets.xcassets; sourceTree = "<group>"; };
		6FB15F11292C04B3003DDB40 /* Preview Assets.xcassets */ = {isa = PBXFileReference; lastKnownFileType = folder.assetcatalog; path = "Preview Assets.xcassets"; sourceTree = "<group>"; };
		6FB15F17292C04B3003DDB40 /* CatGIFAppTests.xctest */ = {isa = PBXFileReference; explicitFileType = wrapper.cfbundle; includeInIndex = 0; path = CatGIFAppTests.xctest; sourceTree = BUILT_PRODUCTS_DIR; };
		6FB15F1B292C04B3003DDB40 /* CatGIFAppTests.swift */ = {isa = PBXFileReference; lastKnownFileType = sourcecode.swift; path = CatGIFAppTests.swift; sourceTree = "<group>"; };
		6FB15F21292C04B3003DDB40 /* CatGIFAppUITests.xctest */ = {isa = PBXFileReference; explicitFileType = wrapper.cfbundle; includeInIndex = 0; path = CatGIFAppUITests.xctest; sourceTree = BUILT_PRODUCTS_DIR; };
		6FB15F25292C04B3003DDB40 /* CatGIFAppUITests.swift */ = {isa = PBXFileReference; lastKnownFileType = sourcecode.swift; path = CatGIFAppUITests.swift; sourceTree = "<group>"; };
		6FB15F27292C04B3003DDB40 /* CatGIFAppUITestsLaunchTests.swift */ = {isa = PBXFileReference; lastKnownFileType = sourcecode.swift; path = CatGIFAppUITestsLaunchTests.swift; sourceTree = "<group>"; };
/* End PBXFileReference section */

/* Begin PBXFrameworksBuildPhase section */
		6FB15F04292C04B1003DDB40 /* Frameworks */ = {
			isa = PBXFrameworksBuildPhase;
			buildActionMask = 2147483647;
			files = (
				6F816C06292D826D0003B07F /* FLAnimatedImage in Frameworks */,
			);
			runOnlyForDeploymentPostprocessing = 0;
		};
		6FB15F14292C04B3003DDB40 /* Frameworks */ = {
			isa = PBXFrameworksBuildPhase;
			buildActionMask = 2147483647;
			files = (
			);
			runOnlyForDeploymentPostprocessing = 0;
		};
		6FB15F1E292C04B3003DDB40 /* Frameworks */ = {
			isa = PBXFrameworksBuildPhase;
			buildActionMask = 2147483647;
			files = (
			);
			runOnlyForDeploymentPostprocessing = 0;
		};
/* End PBXFrameworksBuildPhase section */

/* Begin PBXGroup section */
		6F816BF2292D7EC60003B07F /* ViewFactories */ = {
			isa = PBXGroup;
			children = (
				6F816BF3292D7EDE0003B07F /* GIFListViewFactory.swift */,
			);
			path = ViewFactories;
			sourceTree = "<group>";
		};
		6F816BF5292D7F460003B07F /* Screens */ = {
			isa = PBXGroup;
			children = (
				6F816BF6292D7F520003B07F /* GIFList */,
			);
			path = Screens;
			sourceTree = "<group>";
		};
		6F816BF6292D7F520003B07F /* GIFList */ = {
			isa = PBXGroup;
			children = (
				6F816C07292D84620003B07F /* ViewModels */,
				6F816BFE292D81AD0003B07F /* Models */,
				6FB15F0C292C04B1003DDB40 /* GIFList.swift */,
				6F816BF7292D7FFF0003B07F /* GIFListCard.swift */,
			);
			path = GIFList;
			sourceTree = "<group>";
		};
		6F816BF9292D80770003B07F /* Extensions */ = {
			isa = PBXGroup;
			children = (
				6F816BFA292D80A90003B07F /* View+NavigationStyle.swift */,
			);
			path = Extensions;
			sourceTree = "<group>";
		};
		6F816BFE292D81AD0003B07F /* Models */ = {
			isa = PBXGroup;
			children = (
				6F816BFF292D81D40003B07F /* GIFCardItem.swift */,
			);
			path = Models;
			sourceTree = "<group>";
		};
		6F816C01292D81F20003B07F /* UIComponents */ = {
			isa = PBXGroup;
			children = (
				6F816C02292D820E0003B07F /* GIFImage.swift */,
			);
			path = UIComponents;
			sourceTree = "<group>";
		};
		6F816C07292D84620003B07F /* ViewModels */ = {
			isa = PBXGroup;
			children = (
				6F816C08292D846E0003B07F /* PaginationGIFListViewModel.swift */,
			);
			path = ViewModels;
			sourceTree = "<group>";
		};
		6FB15EFE292C04B1003DDB40 = {
			isa = PBXGroup;
			children = (
				6FB15F09292C04B1003DDB40 /* CatGIFApp */,
				6FB15F1A292C04B3003DDB40 /* CatGIFAppTests */,
				6FB15F24292C04B3003DDB40 /* CatGIFAppUITests */,
				6FB15F08292C04B1003DDB40 /* Products */,
			);
			sourceTree = "<group>";
		};
		6FB15F08292C04B1003DDB40 /* Products */ = {
			isa = PBXGroup;
			children = (
				6FB15F07292C04B1003DDB40 /* CatGIFApp.app */,
				6FB15F17292C04B3003DDB40 /* CatGIFAppTests.xctest */,
				6FB15F21292C04B3003DDB40 /* CatGIFAppUITests.xctest */,
			);
			name = Products;
			sourceTree = "<group>";
		};
		6FB15F09292C04B1003DDB40 /* CatGIFApp */ = {
			isa = PBXGroup;
			children = (
				6F816C01292D81F20003B07F /* UIComponents */,
				6F816BF9292D80770003B07F /* Extensions */,
				6F816BF2292D7EC60003B07F /* ViewFactories */,
				6F816BF5292D7F460003B07F /* Screens */,
				6FB15F0A292C04B1003DDB40 /* CatGIFApp.swift */,
				6FB15F0E292C04B3003DDB40 /* Assets.xcassets */,
				6FB15F10292C04B3003DDB40 /* Preview Content */,
			);
			path = CatGIFApp;
			sourceTree = "<group>";
		};
		6FB15F10292C04B3003DDB40 /* Preview Content */ = {
			isa = PBXGroup;
			children = (
				6FB15F11292C04B3003DDB40 /* Preview Assets.xcassets */,
				6F816BFC292D80F30003B07F /* GIFPreviewData.swift */,
			);
			path = "Preview Content";
			sourceTree = "<group>";
		};
		6FB15F1A292C04B3003DDB40 /* CatGIFAppTests */ = {
			isa = PBXGroup;
			children = (
				6FB15F1B292C04B3003DDB40 /* CatGIFAppTests.swift */,
			);
			path = CatGIFAppTests;
			sourceTree = "<group>";
		};
		6FB15F24292C04B3003DDB40 /* CatGIFAppUITests */ = {
			isa = PBXGroup;
			children = (
				6FB15F25292C04B3003DDB40 /* CatGIFAppUITests.swift */,
				6FB15F27292C04B3003DDB40 /* CatGIFAppUITestsLaunchTests.swift */,
			);
			path = CatGIFAppUITests;
			sourceTree = "<group>";
		};
/* End PBXGroup section */

/* Begin PBXNativeTarget section */
		6FB15F06292C04B1003DDB40 /* CatGIFApp */ = {
			isa = PBXNativeTarget;
			buildConfigurationList = 6FB15F2B292C04B3003DDB40 /* Build configuration list for PBXNativeTarget "CatGIFApp" */;
			buildPhases = (
				6FB15F03292C04B1003DDB40 /* Sources */,
				6FB15F04292C04B1003DDB40 /* Frameworks */,
				6FB15F05292C04B1003DDB40 /* Resources */,
			);
			buildRules = (
			);
			dependencies = (
			);
			name = CatGIFApp;
			packageProductDependencies = (
				6F816C05292D826D0003B07F /* FLAnimatedImage */,
			);
			productName = CatGIFApp;
			productReference = 6FB15F07292C04B1003DDB40 /* CatGIFApp.app */;
			productType = "com.apple.product-type.application";
		};
		6FB15F16292C04B3003DDB40 /* CatGIFAppTests */ = {
			isa = PBXNativeTarget;
			buildConfigurationList = 6FB15F2E292C04B3003DDB40 /* Build configuration list for PBXNativeTarget "CatGIFAppTests" */;
			buildPhases = (
				6FB15F13292C04B3003DDB40 /* Sources */,
				6FB15F14292C04B3003DDB40 /* Frameworks */,
				6FB15F15292C04B3003DDB40 /* Resources */,
			);
			buildRules = (
			);
			dependencies = (
				6FB15F19292C04B3003DDB40 /* PBXTargetDependency */,
			);
			name = CatGIFAppTests;
			productName = CatGIFAppTests;
			productReference = 6FB15F17292C04B3003DDB40 /* CatGIFAppTests.xctest */;
			productType = "com.apple.product-type.bundle.unit-test";
		};
		6FB15F20292C04B3003DDB40 /* CatGIFAppUITests */ = {
			isa = PBXNativeTarget;
			buildConfigurationList = 6FB15F31292C04B3003DDB40 /* Build configuration list for PBXNativeTarget "CatGIFAppUITests" */;
			buildPhases = (
				6FB15F1D292C04B3003DDB40 /* Sources */,
				6FB15F1E292C04B3003DDB40 /* Frameworks */,
				6FB15F1F292C04B3003DDB40 /* Resources */,
			);
			buildRules = (
			);
			dependencies = (
				6FB15F23292C04B3003DDB40 /* PBXTargetDependency */,
			);
			name = CatGIFAppUITests;
			productName = CatGIFAppUITests;
			productReference = 6FB15F21292C04B3003DDB40 /* CatGIFAppUITests.xctest */;
			productType = "com.apple.product-type.bundle.ui-testing";
		};
/* End PBXNativeTarget section */

/* Begin PBXProject section */
		6FB15EFF292C04B1003DDB40 /* Project object */ = {
			isa = PBXProject;
			attributes = {
				BuildIndependentTargetsInParallel = 1;
				LastSwiftUpdateCheck = 1400;
				LastUpgradeCheck = 1400;
				TargetAttributes = {
					6FB15F06292C04B1003DDB40 = {
						CreatedOnToolsVersion = 14.0;
					};
					6FB15F16292C04B3003DDB40 = {
						CreatedOnToolsVersion = 14.0;
						TestTargetID = 6FB15F06292C04B1003DDB40;
					};
					6FB15F20292C04B3003DDB40 = {
						CreatedOnToolsVersion = 14.0;
						TestTargetID = 6FB15F06292C04B1003DDB40;
					};
				};
			};
			buildConfigurationList = 6FB15F02292C04B1003DDB40 /* Build configuration list for PBXProject "CatGIFApp" */;
			compatibilityVersion = "Xcode 14.0";
			developmentRegion = en;
			hasScannedForEncodings = 0;
			knownRegions = (
				en,
				Base,
			);
			mainGroup = 6FB15EFE292C04B1003DDB40;
			packageReferences = (
				6F816C04292D826D0003B07F /* XCRemoteSwiftPackageReference "FLAnimatedImage" */,
			);
			productRefGroup = 6FB15F08292C04B1003DDB40 /* Products */;
			projectDirPath = "";
			projectRoot = "";
			targets = (
				6FB15F06292C04B1003DDB40 /* CatGIFApp */,
				6FB15F16292C04B3003DDB40 /* CatGIFAppTests */,
				6FB15F20292C04B3003DDB40 /* CatGIFAppUITests */,
			);
		};
/* End PBXProject section */

/* Begin PBXResourcesBuildPhase section */
		6FB15F05292C04B1003DDB40 /* Resources */ = {
			isa = PBXResourcesBuildPhase;
			buildActionMask = 2147483647;
			files = (
				6FB15F12292C04B3003DDB40 /* Preview Assets.xcassets in Resources */,
				6FB15F0F292C04B3003DDB40 /* Assets.xcassets in Resources */,
			);
			runOnlyForDeploymentPostprocessing = 0;
		};
		6FB15F15292C04B3003DDB40 /* Resources */ = {
			isa = PBXResourcesBuildPhase;
			buildActionMask = 2147483647;
			files = (
			);
			runOnlyForDeploymentPostprocessing = 0;
		};
		6FB15F1F292C04B3003DDB40 /* Resources */ = {
			isa = PBXResourcesBuildPhase;
			buildActionMask = 2147483647;
			files = (
			);
			runOnlyForDeploymentPostprocessing = 0;
		};
/* End PBXResourcesBuildPhase section */

/* Begin PBXSourcesBuildPhase section */
		6FB15F03292C04B1003DDB40 /* Sources */ = {
			isa = PBXSourcesBuildPhase;
			buildActionMask = 2147483647;
			files = (
				6F816BF8292D7FFF0003B07F /* GIFListCard.swift in Sources */,
				6FB15F0D292C04B1003DDB40 /* GIFList.swift in Sources */,
				6F816C03292D820E0003B07F /* GIFImage.swift in Sources */,
				6F816C09292D846E0003B07F /* PaginationGIFListViewModel.swift in Sources */,
				6F816C00292D81D40003B07F /* GIFCardItem.swift in Sources */,
				6FB15F0B292C04B1003DDB40 /* CatGIFApp.swift in Sources */,
				6F816BFD292D80F30003B07F /* GIFPreviewData.swift in Sources */,
				6F816BF4292D7EDE0003B07F /* GIFListViewFactory.swift in Sources */,
				6F816BFB292D80A90003B07F /* View+NavigationStyle.swift in Sources */,
			);
			runOnlyForDeploymentPostprocessing = 0;
		};
		6FB15F13292C04B3003DDB40 /* Sources */ = {
			isa = PBXSourcesBuildPhase;
			buildActionMask = 2147483647;
			files = (
				6FB15F1C292C04B3003DDB40 /* CatGIFAppTests.swift in Sources */,
			);
			runOnlyForDeploymentPostprocessing = 0;
		};
		6FB15F1D292C04B3003DDB40 /* Sources */ = {
			isa = PBXSourcesBuildPhase;
			buildActionMask = 2147483647;
			files = (
				6FB15F28292C04B3003DDB40 /* CatGIFAppUITestsLaunchTests.swift in Sources */,
				6FB15F26292C04B3003DDB40 /* CatGIFAppUITests.swift in Sources */,
			);
			runOnlyForDeploymentPostprocessing = 0;
		};
/* End PBXSourcesBuildPhase section */

/* Begin PBXTargetDependency section */
		6FB15F19292C04B3003DDB40 /* PBXTargetDependency */ = {
			isa = PBXTargetDependency;
			target = 6FB15F06292C04B1003DDB40 /* CatGIFApp */;
			targetProxy = 6FB15F18292C04B3003DDB40 /* PBXContainerItemProxy */;
		};
		6FB15F23292C04B3003DDB40 /* PBXTargetDependency */ = {
			isa = PBXTargetDependency;
			target = 6FB15F06292C04B1003DDB40 /* CatGIFApp */;
			targetProxy = 6FB15F22292C04B3003DDB40 /* PBXContainerItemProxy */;
		};
/* End PBXTargetDependency section */

/* Begin XCBuildConfiguration section */
		6FB15F29292C04B3003DDB40 /* Debug */ = {
			isa = XCBuildConfiguration;
			buildSettings = {
				ALWAYS_SEARCH_USER_PATHS = NO;
				CLANG_ANALYZER_NONNULL = YES;
				CLANG_ANALYZER_NUMBER_OBJECT_CONVERSION = YES_AGGRESSIVE;
				CLANG_CXX_LANGUAGE_STANDARD = "gnu++20";
				CLANG_ENABLE_MODULES = YES;
				CLANG_ENABLE_OBJC_ARC = YES;
				CLANG_ENABLE_OBJC_WEAK = YES;
				CLANG_WARN_BLOCK_CAPTURE_AUTORELEASING = YES;
				CLANG_WARN_BOOL_CONVERSION = YES;
				CLANG_WARN_COMMA = YES;
				CLANG_WARN_CONSTANT_CONVERSION = YES;
				CLANG_WARN_DEPRECATED_OBJC_IMPLEMENTATIONS = YES;
				CLANG_WARN_DIRECT_OBJC_ISA_USAGE = YES_ERROR;
				CLANG_WARN_DOCUMENTATION_COMMENTS = YES;
				CLANG_WARN_EMPTY_BODY = YES;
				CLANG_WARN_ENUM_CONVERSION = YES;
				CLANG_WARN_INFINITE_RECURSION = YES;
				CLANG_WARN_INT_CONVERSION = YES;
				CLANG_WARN_NON_LITERAL_NULL_CONVERSION = YES;
				CLANG_WARN_OBJC_IMPLICIT_RETAIN_SELF = YES;
				CLANG_WARN_OBJC_LITERAL_CONVERSION = YES;
				CLANG_WARN_OBJC_ROOT_CLASS = YES_ERROR;
				CLANG_WARN_QUOTED_INCLUDE_IN_FRAMEWORK_HEADER = YES;
				CLANG_WARN_RANGE_LOOP_ANALYSIS = YES;
				CLANG_WARN_STRICT_PROTOTYPES = YES;
				CLANG_WARN_SUSPICIOUS_MOVE = YES;
				CLANG_WARN_UNGUARDED_AVAILABILITY = YES_AGGRESSIVE;
				CLANG_WARN_UNREACHABLE_CODE = YES;
				CLANG_WARN__DUPLICATE_METHOD_MATCH = YES;
				COPY_PHASE_STRIP = NO;
				DEBUG_INFORMATION_FORMAT = dwarf;
				ENABLE_STRICT_OBJC_MSGSEND = YES;
				ENABLE_TESTABILITY = YES;
				GCC_C_LANGUAGE_STANDARD = gnu11;
				GCC_DYNAMIC_NO_PIC = NO;
				GCC_NO_COMMON_BLOCKS = YES;
				GCC_OPTIMIZATION_LEVEL = 0;
				GCC_PREPROCESSOR_DEFINITIONS = (
					"DEBUG=1",
					"$(inherited)",
				);
				GCC_WARN_64_TO_32_BIT_CONVERSION = YES;
				GCC_WARN_ABOUT_RETURN_TYPE = YES_ERROR;
				GCC_WARN_UNDECLARED_SELECTOR = YES;
				GCC_WARN_UNINITIALIZED_AUTOS = YES_AGGRESSIVE;
				GCC_WARN_UNUSED_FUNCTION = YES;
				GCC_WARN_UNUSED_VARIABLE = YES;
				IPHONEOS_DEPLOYMENT_TARGET = 16.0;
				MTL_ENABLE_DEBUG_INFO = INCLUDE_SOURCE;
				MTL_FAST_MATH = YES;
				ONLY_ACTIVE_ARCH = YES;
				SDKROOT = iphoneos;
				SWIFT_ACTIVE_COMPILATION_CONDITIONS = DEBUG;
				SWIFT_OPTIMIZATION_LEVEL = "-Onone";
			};
			name = Debug;
		};
		6FB15F2A292C04B3003DDB40 /* Release */ = {
			isa = XCBuildConfiguration;
			buildSettings = {
				ALWAYS_SEARCH_USER_PATHS = NO;
				CLANG_ANALYZER_NONNULL = YES;
				CLANG_ANALYZER_NUMBER_OBJECT_CONVERSION = YES_AGGRESSIVE;
				CLANG_CXX_LANGUAGE_STANDARD = "gnu++20";
				CLANG_ENABLE_MODULES = YES;
				CLANG_ENABLE_OBJC_ARC = YES;
				CLANG_ENABLE_OBJC_WEAK = YES;
				CLANG_WARN_BLOCK_CAPTURE_AUTORELEASING = YES;
				CLANG_WARN_BOOL_CONVERSION = YES;
				CLANG_WARN_COMMA = YES;
				CLANG_WARN_CONSTANT_CONVERSION = YES;
				CLANG_WARN_DEPRECATED_OBJC_IMPLEMENTATIONS = YES;
				CLANG_WARN_DIRECT_OBJC_ISA_USAGE = YES_ERROR;
				CLANG_WARN_DOCUMENTATION_COMMENTS = YES;
				CLANG_WARN_EMPTY_BODY = YES;
				CLANG_WARN_ENUM_CONVERSION = YES;
				CLANG_WARN_INFINITE_RECURSION = YES;
				CLANG_WARN_INT_CONVERSION = YES;
				CLANG_WARN_NON_LITERAL_NULL_CONVERSION = YES;
				CLANG_WARN_OBJC_IMPLICIT_RETAIN_SELF = YES;
				CLANG_WARN_OBJC_LITERAL_CONVERSION = YES;
				CLANG_WARN_OBJC_ROOT_CLASS = YES_ERROR;
				CLANG_WARN_QUOTED_INCLUDE_IN_FRAMEWORK_HEADER = YES;
				CLANG_WARN_RANGE_LOOP_ANALYSIS = YES;
				CLANG_WARN_STRICT_PROTOTYPES = YES;
				CLANG_WARN_SUSPICIOUS_MOVE = YES;
				CLANG_WARN_UNGUARDED_AVAILABILITY = YES_AGGRESSIVE;
				CLANG_WARN_UNREACHABLE_CODE = YES;
				CLANG_WARN__DUPLICATE_METHOD_MATCH = YES;
				COPY_PHASE_STRIP = NO;
				DEBUG_INFORMATION_FORMAT = "dwarf-with-dsym";
				ENABLE_NS_ASSERTIONS = NO;
				ENABLE_STRICT_OBJC_MSGSEND = YES;
				GCC_C_LANGUAGE_STANDARD = gnu11;
				GCC_NO_COMMON_BLOCKS = YES;
				GCC_WARN_64_TO_32_BIT_CONVERSION = YES;
				GCC_WARN_ABOUT_RETURN_TYPE = YES_ERROR;
				GCC_WARN_UNDECLARED_SELECTOR = YES;
				GCC_WARN_UNINITIALIZED_AUTOS = YES_AGGRESSIVE;
				GCC_WARN_UNUSED_FUNCTION = YES;
				GCC_WARN_UNUSED_VARIABLE = YES;
				IPHONEOS_DEPLOYMENT_TARGET = 16.0;
				MTL_ENABLE_DEBUG_INFO = NO;
				MTL_FAST_MATH = YES;
				SDKROOT = iphoneos;
				SWIFT_COMPILATION_MODE = wholemodule;
				SWIFT_OPTIMIZATION_LEVEL = "-O";
				VALIDATE_PRODUCT = YES;
			};
			name = Release;
		};
		6FB15F2C292C04B3003DDB40 /* Debug */ = {
			isa = XCBuildConfiguration;
			buildSettings = {
				ASSETCATALOG_COMPILER_APPICON_NAME = AppIcon;
				ASSETCATALOG_COMPILER_GLOBAL_ACCENT_COLOR_NAME = AccentColor;
				CODE_SIGN_STYLE = Automatic;
				CURRENT_PROJECT_VERSION = 1;
				DEVELOPMENT_ASSET_PATHS = "\"CatGIFApp/Preview Content\"";
				DEVELOPMENT_TEAM = 3AFSY7BVNX;
				ENABLE_PREVIEWS = YES;
				GENERATE_INFOPLIST_FILE = YES;
				INFOPLIST_KEY_UIApplicationSceneManifest_Generation = YES;
				INFOPLIST_KEY_UIApplicationSupportsIndirectInputEvents = YES;
				INFOPLIST_KEY_UILaunchScreen_Generation = YES;
				INFOPLIST_KEY_UISupportedInterfaceOrientations_iPad = "UIInterfaceOrientationPortrait UIInterfaceOrientationPortraitUpsideDown UIInterfaceOrientationLandscapeLeft UIInterfaceOrientationLandscapeRight";
				INFOPLIST_KEY_UISupportedInterfaceOrientations_iPhone = "UIInterfaceOrientationPortrait UIInterfaceOrientationLandscapeLeft UIInterfaceOrientationLandscapeRight";
				LD_RUNPATH_SEARCH_PATHS = (
					"$(inherited)",
					"@executable_path/Frameworks",
				);
				MARKETING_VERSION = 1.0;
				PRODUCT_BUNDLE_IDENTIFIER = kanebuckthorpe.CatGIFApp;
				PRODUCT_NAME = "$(TARGET_NAME)";
				SWIFT_EMIT_LOC_STRINGS = YES;
				SWIFT_VERSION = 5.0;
				TARGETED_DEVICE_FAMILY = "1,2";
			};
			name = Debug;
		};
		6FB15F2D292C04B3003DDB40 /* Release */ = {
			isa = XCBuildConfiguration;
			buildSettings = {
				ASSETCATALOG_COMPILER_APPICON_NAME = AppIcon;
				ASSETCATALOG_COMPILER_GLOBAL_ACCENT_COLOR_NAME = AccentColor;
				CODE_SIGN_STYLE = Automatic;
				CURRENT_PROJECT_VERSION = 1;
				DEVELOPMENT_ASSET_PATHS = "\"CatGIFApp/Preview Content\"";
				DEVELOPMENT_TEAM = 3AFSY7BVNX;
				ENABLE_PREVIEWS = YES;
				GENERATE_INFOPLIST_FILE = YES;
				INFOPLIST_KEY_UIApplicationSceneManifest_Generation = YES;
				INFOPLIST_KEY_UIApplicationSupportsIndirectInputEvents = YES;
				INFOPLIST_KEY_UILaunchScreen_Generation = YES;
				INFOPLIST_KEY_UISupportedInterfaceOrientations_iPad = "UIInterfaceOrientationPortrait UIInterfaceOrientationPortraitUpsideDown UIInterfaceOrientationLandscapeLeft UIInterfaceOrientationLandscapeRight";
				INFOPLIST_KEY_UISupportedInterfaceOrientations_iPhone = "UIInterfaceOrientationPortrait UIInterfaceOrientationLandscapeLeft UIInterfaceOrientationLandscapeRight";
				LD_RUNPATH_SEARCH_PATHS = (
					"$(inherited)",
					"@executable_path/Frameworks",
				);
				MARKETING_VERSION = 1.0;
				PRODUCT_BUNDLE_IDENTIFIER = kanebuckthorpe.CatGIFApp;
				PRODUCT_NAME = "$(TARGET_NAME)";
				SWIFT_EMIT_LOC_STRINGS = YES;
				SWIFT_VERSION = 5.0;
				TARGETED_DEVICE_FAMILY = "1,2";
			};
			name = Release;
		};
		6FB15F2F292C04B3003DDB40 /* Debug */ = {
			isa = XCBuildConfiguration;
			buildSettings = {
				ALWAYS_EMBED_SWIFT_STANDARD_LIBRARIES = YES;
				BUNDLE_LOADER = "$(TEST_HOST)";
				CODE_SIGN_STYLE = Automatic;
				CURRENT_PROJECT_VERSION = 1;
				DEVELOPMENT_TEAM = 3AFSY7BVNX;
				GENERATE_INFOPLIST_FILE = YES;
				IPHONEOS_DEPLOYMENT_TARGET = 16.0;
				MARKETING_VERSION = 1.0;
				PRODUCT_BUNDLE_IDENTIFIER = kanebuckthorpe.CatGIFAppTests;
				PRODUCT_NAME = "$(TARGET_NAME)";
				SWIFT_EMIT_LOC_STRINGS = NO;
				SWIFT_VERSION = 5.0;
				TARGETED_DEVICE_FAMILY = "1,2";
				TEST_HOST = "$(BUILT_PRODUCTS_DIR)/CatGIFApp.app/$(BUNDLE_EXECUTABLE_FOLDER_PATH)/CatGIFApp";
			};
			name = Debug;
		};
		6FB15F30292C04B3003DDB40 /* Release */ = {
			isa = XCBuildConfiguration;
			buildSettings = {
				ALWAYS_EMBED_SWIFT_STANDARD_LIBRARIES = YES;
				BUNDLE_LOADER = "$(TEST_HOST)";
				CODE_SIGN_STYLE = Automatic;
				CURRENT_PROJECT_VERSION = 1;
				DEVELOPMENT_TEAM = 3AFSY7BVNX;
				GENERATE_INFOPLIST_FILE = YES;
				IPHONEOS_DEPLOYMENT_TARGET = 16.0;
				MARKETING_VERSION = 1.0;
				PRODUCT_BUNDLE_IDENTIFIER = kanebuckthorpe.CatGIFAppTests;
				PRODUCT_NAME = "$(TARGET_NAME)";
				SWIFT_EMIT_LOC_STRINGS = NO;
				SWIFT_VERSION = 5.0;
				TARGETED_DEVICE_FAMILY = "1,2";
				TEST_HOST = "$(BUILT_PRODUCTS_DIR)/CatGIFApp.app/$(BUNDLE_EXECUTABLE_FOLDER_PATH)/CatGIFApp";
			};
			name = Release;
		};
		6FB15F32292C04B3003DDB40 /* Debug */ = {
			isa = XCBuildConfiguration;
			buildSettings = {
				ALWAYS_EMBED_SWIFT_STANDARD_LIBRARIES = YES;
				CODE_SIGN_STYLE = Automatic;
				CURRENT_PROJECT_VERSION = 1;
				DEVELOPMENT_TEAM = 3AFSY7BVNX;
				GENERATE_INFOPLIST_FILE = YES;
				MARKETING_VERSION = 1.0;
				PRODUCT_BUNDLE_IDENTIFIER = kanebuckthorpe.CatGIFAppUITests;
				PRODUCT_NAME = "$(TARGET_NAME)";
				SWIFT_EMIT_LOC_STRINGS = NO;
				SWIFT_VERSION = 5.0;
				TARGETED_DEVICE_FAMILY = "1,2";
				TEST_TARGET_NAME = CatGIFApp;
			};
			name = Debug;
		};
		6FB15F33292C04B3003DDB40 /* Release */ = {
			isa = XCBuildConfiguration;
			buildSettings = {
				ALWAYS_EMBED_SWIFT_STANDARD_LIBRARIES = YES;
				CODE_SIGN_STYLE = Automatic;
				CURRENT_PROJECT_VERSION = 1;
				DEVELOPMENT_TEAM = 3AFSY7BVNX;
				GENERATE_INFOPLIST_FILE = YES;
				MARKETING_VERSION = 1.0;
				PRODUCT_BUNDLE_IDENTIFIER = kanebuckthorpe.CatGIFAppUITests;
				PRODUCT_NAME = "$(TARGET_NAME)";
				SWIFT_EMIT_LOC_STRINGS = NO;
				SWIFT_VERSION = 5.0;
				TARGETED_DEVICE_FAMILY = "1,2";
				TEST_TARGET_NAME = CatGIFApp;
			};
			name = Release;
		};
/* End XCBuildConfiguration section */

/* Begin XCConfigurationList section */
		6FB15F02292C04B1003DDB40 /* Build configuration list for PBXProject "CatGIFApp" */ = {
			isa = XCConfigurationList;
			buildConfigurations = (
				6FB15F29292C04B3003DDB40 /* Debug */,
				6FB15F2A292C04B3003DDB40 /* Release */,
			);
			defaultConfigurationIsVisible = 0;
			defaultConfigurationName = Release;
		};
		6FB15F2B292C04B3003DDB40 /* Build configuration list for PBXNativeTarget "CatGIFApp" */ = {
			isa = XCConfigurationList;
			buildConfigurations = (
				6FB15F2C292C04B3003DDB40 /* Debug */,
				6FB15F2D292C04B3003DDB40 /* Release */,
			);
			defaultConfigurationIsVisible = 0;
			defaultConfigurationName = Release;
		};
		6FB15F2E292C04B3003DDB40 /* Build configuration list for PBXNativeTarget "CatGIFAppTests" */ = {
			isa = XCConfigurationList;
			buildConfigurations = (
				6FB15F2F292C04B3003DDB40 /* Debug */,
				6FB15F30292C04B3003DDB40 /* Release */,
			);
			defaultConfigurationIsVisible = 0;
			defaultConfigurationName = Release;
		};
		6FB15F31292C04B3003DDB40 /* Build configuration list for PBXNativeTarget "CatGIFAppUITests" */ = {
			isa = XCConfigurationList;
			buildConfigurations = (
				6FB15F32292C04B3003DDB40 /* Debug */,
				6FB15F33292C04B3003DDB40 /* Release */,
			);
			defaultConfigurationIsVisible = 0;
			defaultConfigurationName = Release;
		};
/* End XCConfigurationList section */

/* Begin XCRemoteSwiftPackageReference section */
		6F816C04292D826D0003B07F /* XCRemoteSwiftPackageReference "FLAnimatedImage" */ = {
			isa = XCRemoteSwiftPackageReference;
			repositoryURL = "https://github.com/Flipboard/FLAnimatedImage";
			requirement = {
				kind = upToNextMajorVersion;
				minimumVersion = 1.0.16;
			};
		};
/* End XCRemoteSwiftPackageReference section */

/* Begin XCSwiftPackageProductDependency section */
		6F816C05292D826D0003B07F /* FLAnimatedImage */ = {
			isa = XCSwiftPackageProductDependency;
			package = 6F816C04292D826D0003B07F /* XCRemoteSwiftPackageReference "FLAnimatedImage" */;
			productName = FLAnimatedImage;
		};
/* End XCSwiftPackageProductDependency section */
	};
	rootObject = 6FB15EFF292C04B1003DDB40 /* Project object */;
}
